
Microsoft Visual Studio Solution File, Format Version 11.00
# Visual Studio 2010
Project("{FAE04EC0-301F-11D3-BF4B-00C04F79EFBC}") = "MechwarriorCAW", "Assembly-CSharp.csproj", "{FB3EC6DD-5CDB-A145-44F3-F0A44F9D4539}"
EndProject
Global
	GlobalSection(SolutionConfigurationPlatforms) = preSolution
		Debug|Any CPU = Debug|Any CPU
		Release|Any CPU = Release|Any CPU
	EndGlobalSection
	GlobalSection(ProjectConfigurationPlatforms) = postSolution
		{FB3EC6DD-5CDB-A145-44F3-F0A44F9D4539}.Debug|Any CPU.ActiveCfg = Debug|Any CPU
		{FB3EC6DD-5CDB-A145-44F3-F0A44F9D4539}.Debug|Any CPU.Build.0 = Debug|Any CPU
		{FB3EC6DD-5CDB-A145-44F3-F0A44F9D4539}.Release|Any CPU.ActiveCfg = Release|Any CPU
		{FB3EC6DD-5CDB-A145-44F3-F0A44F9D4539}.Release|Any CPU.Build.0 = Release|Any CPU
	EndGlobalSection
	GlobalSection(SolutionProperties) = preSolution
		HideSolutionNode = FALSE
	EndGlobalSection
	GlobalSection(MonoDevelopProperties) = preSolution
		StartupItem = Assembly-CSharp.csproj
	EndGlobalSection
EndGlobal
